
Microsoft Visual Studio Solution File, Format Version 12.00
# Visual Studio Version 17
VisualStudioVersion = 17.14.36603.0 d17.14
MinimumVisualStudioVersion = 10.0.40219.1
Project("{FAE04EC0-301F-11D3-BF4B-00C04F79EFBC}") = "Tomogatchi", "Tomogatchi\Tomogatchi.csproj", "{190AFADE-B261-4B9C-8D98-FF793A5519AF}"
EndProject
Global
	GlobalSection(SolutionConfigurationPlatforms) = preSolution
		Debug|Any CPU = Debug|Any CPU
		Release|Any CPU = Release|Any CPU
	EndGlobalSection
	GlobalSection(ProjectConfigurationPlatforms) = postSolution
		{190AFADE-B261-4B9C-8D98-FF793A5519AF}.Debug|Any CPU.ActiveCfg = Debug|Any CPU
		{190AFADE-B261-4B9C-8D98-FF793A5519AF}.Debug|Any CPU.Build.0 = Debug|Any CPU
		{190AFADE-B261-4B9C-8D98-FF793A5519AF}.Release|Any CPU.ActiveCfg = Release|Any CPU
		{190AFADE-B261-4B9C-8D98-FF793A5519AF}.Release|Any CPU.Build.0 = Release|Any CPU
	EndGlobalSection
	GlobalSection(SolutionProperties) = preSolution
		HideSolutionNode = FALSE
	EndGlobalSection
	GlobalSection(ExtensibilityGlobals) = postSolution
		SolutionGuid = {55F7CD22-153D-4521-AC8E-BAADCCCD7ABD}
	EndGlobalSection
EndGlobal
